name: Flake lock updater
# See https://github.com/jnsgruk/flypi/actions/workflows/lock-updater.yaml
on:
  workflow_dispatch:
  schedule:
    - cron: "0 0 * * 6"

jobs:
  lock-updater:
    name: Flake lock updater
    runs-on: ubuntu-24.04
    steps:
      - name: Checkout flake
        uses: actions/checkout@v4

      - name: Install nix
        uses: DeterminateSystems/nix-installer-action@v16

      - name: Update flake.lock file
        uses: DeterminateSystems/update-flake-lock@v24
        with:
          pr-title: "chore: update flake.lock file"
          commit-msg: "chore: update flake.lock file"
