name: update-flake-lock
on:
  schedule:
    - cron: "0 2 * * *"
  workflow_dispatch:

jobs:
  lock-updater:
    name: update-flake-lock
    runs-on: ubuntu-latest
    permissions:
      contents: write
      id-token: write
      pull-requests: write
    steps:
      - uses: actions/checkout@v4
      - uses: DeterminateSystems/nix-installer-action@v16
        with:
          determinate: true
      - uses: DeterminateSystems/flakehub-cache-action@main
      - id: update
        uses: DeterminateSystems/update-flake-lock@v24
        # See https://github.com/reckenrode/nixos-configs/actions/runs/13582324886/workflow
      - name: Merge pull request
        uses: stefanzweifel/git-auto-commit-action@v5
        with:
          commit_message: Update flake.lock
          branch: devel
          commit_options: "--no-verify --signoff"
          file_pattern: flake.lock
          commit_user_name: Flake Bot # defaults to "GitHub Actions"
          commit_author: Flake Bot <actions@github.com>
          skip_dirty_check: false
          skip_fetch: true
